
Microsoft Visual Studio Solution File, Format Version 12.00
# Visual Studio Version 17
VisualStudioVersion = 17.6.33815.320
MinimumVisualStudioVersion = 10.0.40219.1
Project("{FAE04EC0-301F-11D3-BF4B-00C04F79EFBC}") = "MyWebSiteCaseTest", "MyWebSiteCaseTest\MyWebSiteCaseTest.csproj", "{06D5B707-A9F6-4568-A7C9-3CEA2CA8540C}"
EndProject
Global
	GlobalSection(SolutionConfigurationPlatforms) = preSolution
		Debug|Any CPU = Debug|Any CPU
		Release|Any CPU = Release|Any CPU
	EndGlobalSection
	GlobalSection(ProjectConfigurationPlatforms) = postSolution
		{06D5B707-A9F6-4568-A7C9-3CEA2CA8540C}.Debug|Any CPU.ActiveCfg = Debug|Any CPU
		{06D5B707-A9F6-4568-A7C9-3CEA2CA8540C}.Debug|Any CPU.Build.0 = Debug|Any CPU
		{06D5B707-A9F6-4568-A7C9-3CEA2CA8540C}.Release|Any CPU.ActiveCfg = Release|Any CPU
		{06D5B707-A9F6-4568-A7C9-3CEA2CA8540C}.Release|Any CPU.Build.0 = Release|Any CPU
	EndGlobalSection
	GlobalSection(SolutionProperties) = preSolution
		HideSolutionNode = FALSE
	EndGlobalSection
	GlobalSection(ExtensibilityGlobals) = postSolution
		SolutionGuid = {B211AB8F-B432-4F2C-B528-94EE0A8B3D59}
	EndGlobalSection
EndGlobal
